// !$*UTF8*$!
{
	archiveVersion = 1;
	classes = {
	};
	objectVersion = 46;
	objects = {

/* Begin PBXBuildFile section */
		9DA369E41BB32A4000A4F010 /* AppDelegate.swift in Sources */ = {isa = PBXBuildFile; fileRef = 9DA369E31BB32A4000A4F010 /* AppDelegate.swift */; };
		9DA369E61BB32A4000A4F010 /* ViewController.swift in Sources */ = {isa = PBXBuildFile; fileRef = 9DA369E51BB32A4000A4F010 /* ViewController.swift */; };
		9DA369E91BB32A4000A4F010 /* Main.storyboard in Resources */ = {isa = PBXBuildFile; fileRef = 9DA369E71BB32A4000A4F010 /* Main.storyboard */; };
		9DA369EB1BB32A4000A4F010 /* Assets.xcassets in Resources */ = {isa = PBXBuildFile; fileRef = 9DA369EA1BB32A4000A4F010 /* Assets.xcassets */; };
		9DA369EE1BB32A4000A4F010 /* LaunchScreen.storyboard in Resources */ = {isa = PBXBuildFile; fileRef = 9DA369EC1BB32A4000A4F010 /* LaunchScreen.storyboard */; };
		9DA369F91BB32A4000A4F010 /* poddyTests.swift in Sources */ = {isa = PBXBuildFile; fileRef = 9DA369F81BB32A4000A4F010 /* poddyTests.swift */; };
		9DA36A041BB32A4000A4F010 /* poddyUITests.swift in Sources */ = {isa = PBXBuildFile; fileRef = 9DA36A031BB32A4000A4F010 /* poddyUITests.swift */; };
/* End PBXBuildFile section */

/* Begin PBXContainerItemProxy section */
		9DA369F51BB32A4000A4F010 /* PBXContainerItemProxy */ = {
			isa = PBXContainerItemProxy;
			containerPortal = 9DA369D81BB32A4000A4F010 /* Project object */;
			proxyType = 1;
			remoteGlobalIDString = 9DA369DF1BB32A4000A4F010;
			remoteInfo = poddy;
		};
		9DA36A001BB32A4000A4F010 /* PBXContainerItemProxy */ = {
			isa = PBXContainerItemProxy;
			containerPortal = 9DA369D81BB32A4000A4F010 /* Project object */;
			proxyType = 1;
			remoteGlobalIDString = 9DA369DF1BB32A4000A4F010;
			remoteInfo = poddy;
		};
/* End PBXContainerItemProxy section */

/* Begin PBXFileReference section */
		9DA369E01BB32A4000A4F010 /* poddy.app */ = {isa = PBXFileReference; explicitFileType = wrapper.application; includeInIndex = 0; path = poddy.app; sourceTree = BUILT_PRODUCTS_DIR; };
		9DA369E31BB32A4000A4F010 /* AppDelegate.swift */ = {isa = PBXFileReference; lastKnownFileType = sourcecode.swift; path = AppDelegate.swift; sourceTree = "<group>"; };
		9DA369E51BB32A4000A4F010 /* ViewController.swift */ = {isa = PBXFileReference; lastKnownFileType = sourcecode.swift; path = ViewController.swift; sourceTree = "<group>"; };
		9DA369E81BB32A4000A4F010 /* Base */ = {isa = PBXFileReference; lastKnownFileType = file.storyboard; name = Base; path = Base.lproj/Main.storyboard; sourceTree = "<group>"; };
		9DA369EA1BB32A4000A4F010 /* Assets.xcassets */ = {isa = PBXFileReference; lastKnownFileType = folder.assetcatalog; path = Assets.xcassets; sourceTree = "<group>"; };
		9DA369ED1BB32A4000A4F010 /* Base */ = {isa = PBXFileReference; lastKnownFileType = file.storyboard; name = Base; path = Base.lproj/LaunchScreen.storyboard; sourceTree = "<group>"; };
		9DA369EF1BB32A4000A4F010 /* Info.plist */ = {isa = PBXFileReference; lastKnownFileType = text.plist.xml; path = Info.plist; sourceTree = "<group>"; };
		9DA369F41BB32A4000A4F010 /* poddyTests.xctest */ = {isa = PBXFileReference; explicitFileType = wrapper.cfbundle; includeInIndex = 0; path = poddyTests.xctest; sourceTree = BUILT_PRODUCTS_DIR; };
		9DA369F81BB32A4000A4F010 /* poddyTests.swift */ = {isa = PBXFileReference; lastKnownFileType = sourcecode.swift; path = poddyTests.swift; sourceTree = "<group>"; };
		9DA369FA1BB32A4000A4F010 /* Info.plist */ = {isa = PBXFileReference; lastKnownFileType = text.plist.xml; path = Info.plist; sourceTree = "<group>"; };
		9DA369FF1BB32A4000A4F010 /* poddyUITests.xctest */ = {isa = PBXFileReference; explicitFileType = wrapper.cfbundle; includeInIndex = 0; path = poddyUITests.xctest; sourceTree = BUILT_PRODUCTS_DIR; };
		9DA36A031BB32A4000A4F010 /* poddyUITests.swift */ = {isa = PBXFileReference; lastKnownFileType = sourcecode.swift; path = poddyUITests.swift; sourceTree = "<group>"; };
		9DA36A051BB32A4000A4F010 /* Info.plist */ = {isa = PBXFileReference; lastKnownFileType = text.plist.xml; path = Info.plist; sourceTree = "<group>"; };
/* End PBXFileReference section */

/* Begin PBXFrameworksBuildPhase section */
		9DA369DD1BB32A4000A4F010 /* Frameworks */ = {
			isa = PBXFrameworksBuildPhase;
			buildActionMask = 2147483647;
			files = (
			);
			runOnlyForDeploymentPostprocessing = 0;
		};
		9DA369F11BB32A4000A4F010 /* Frameworks */ = {
			isa = PBXFrameworksBuildPhase;
			buildActionMask = 2147483647;
			files = (
			);
			runOnlyForDeploymentPostprocessing = 0;
		};
		9DA369FC1BB32A4000A4F010 /* Frameworks */ = {
			isa = PBXFrameworksBuildPhase;
			buildActionMask = 2147483647;
			files = (
			);
			runOnlyForDeploymentPostprocessing = 0;
		};
/* End PBXFrameworksBuildPhase section */

/* Begin PBXGroup section */
		9DA369D71BB32A4000A4F010 = {
			isa = PBXGroup;
			children = (
				9DA369E21BB32A4000A4F010 /* poddy */,
				9DA369F71BB32A4000A4F010 /* poddyTests */,
				9DA36A021BB32A4000A4F010 /* poddyUITests */,
				9DA369E11BB32A4000A4F010 /* Products */,
			);
			sourceTree = "<group>";
		};
		9DA369E11BB32A4000A4F010 /* Products */ = {
			isa = PBXGroup;
			children = (
				9DA369E01BB32A4000A4F010 /* poddy.app */,
				9DA369F41BB32A4000A4F010 /* poddyTests.xctest */,
				9DA369FF1BB32A4000A4F010 /* poddyUITests.xctest */,
			);
			name = Products;
			sourceTree = "<group>";
		};
		9DA369E21BB32A4000A4F010 /* poddy */ = {
			isa = PBXGroup;
			children = (
				9DA369E31BB32A4000A4F010 /* AppDelegate.swift */,
				9DA369E51BB32A4000A4F010 /* ViewController.swift */,
				9DA369E71BB32A4000A4F010 /* Main.storyboard */,
				9DA369EA1BB32A4000A4F010 /* Assets.xcassets */,
				9DA369EC1BB32A4000A4F010 /* LaunchScreen.storyboard */,
				9DA369EF1BB32A4000A4F010 /* Info.plist */,
			);
			path = poddy;
			sourceTree = "<group>";
		};
		9DA369F71BB32A4000A4F010 /* poddyTests */ = {
			isa = PBXGroup;
			children = (
				9DA369F81BB32A4000A4F010 /* poddyTests.swift */,
				9DA369FA1BB32A4000A4F010 /* Info.plist */,
			);
			path = poddyTests;
			sourceTree = "<group>";
		};
		9DA36A021BB32A4000A4F010 /* poddyUITests */ = {
			isa = PBXGroup;
			children = (
				9DA36A031BB32A4000A4F010 /* poddyUITests.swift */,
				9DA36A051BB32A4000A4F010 /* Info.plist */,
			);
			path = poddyUITests;
			sourceTree = "<group>";
		};
/* End PBXGroup section */

/* Begin PBXNativeTarget section */
		9DA369DF1BB32A4000A4F010 /* poddy */ = {
			isa = PBXNativeTarget;
			buildConfigurationList = 9DA36A081BB32A4000A4F010 /* Build configuration list for PBXNativeTarget "poddy" */;
			buildPhases = (
				9DA369DC1BB32A4000A4F010 /* Sources */,
				9DA369DD1BB32A4000A4F010 /* Frameworks */,
				9DA369DE1BB32A4000A4F010 /* Resources */,
			);
			buildRules = (
			);
			dependencies = (
			);
			name = poddy;
			productName = poddy;
			productReference = 9DA369E01BB32A4000A4F010 /* poddy.app */;
			productType = "com.apple.product-type.application";
		};
		9DA369F31BB32A4000A4F010 /* poddyTests */ = {
			isa = PBXNativeTarget;
			buildConfigurationList = 9DA36A0B1BB32A4000A4F010 /* Build configuration list for PBXNativeTarget "poddyTests" */;
			buildPhases = (
				9DA369F01BB32A4000A4F010 /* Sources */,
				9DA369F11BB32A4000A4F010 /* Frameworks */,
				9DA369F21BB32A4000A4F010 /* Resources */,
			);
			buildRules = (
			);
			dependencies = (
				9DA369F61BB32A4000A4F010 /* PBXTargetDependency */,
			);
			name = poddyTests;
			productName = poddyTests;
			productReference = 9DA369F41BB32A4000A4F010 /* poddyTests.xctest */;
			productType = "com.apple.product-type.bundle.unit-test";
		};
		9DA369FE1BB32A4000A4F010 /* poddyUITests */ = {
			isa = PBXNativeTarget;
			buildConfigurationList = 9DA36A0E1BB32A4000A4F010 /* Build configuration list for PBXNativeTarget "poddyUITests" */;
			buildPhases = (
				9DA369FB1BB32A4000A4F010 /* Sources */,
				9DA369FC1BB32A4000A4F010 /* Frameworks */,
				9DA369FD1BB32A4000A4F010 /* Resources */,
			);
			buildRules = (
			);
			dependencies = (
				9DA36A011BB32A4000A4F010 /* PBXTargetDependency */,
			);
			name = poddyUITests;
			productName = poddyUITests;
			productReference = 9DA369FF1BB32A4000A4F010 /* poddyUITests.xctest */;
			productType = "com.apple.product-type.bundle.ui-testing";
		};
/* End PBXNativeTarget section */

/* Begin PBXProject section */
		9DA369D81BB32A4000A4F010 /* Project object */ = {
			isa = PBXProject;
			attributes = {
				LastUpgradeCheck = 0700;
				ORGANIZATIONNAME = Cheetah;
				TargetAttributes = {
					9DA369DF1BB32A4000A4F010 = {
						CreatedOnToolsVersion = 7.0;
					};
					9DA369F31BB32A4000A4F010 = {
						CreatedOnToolsVersion = 7.0;
						TestTargetID = 9DA369DF1BB32A4000A4F010;
					};
					9DA369FE1BB32A4000A4F010 = {
						CreatedOnToolsVersion = 7.0;
						TestTargetID = 9DA369DF1BB32A4000A4F010;
					};
				};
			};
			buildConfigurationList = 9DA369DB1BB32A4000A4F010 /* Build configuration list for PBXProject "poddy" */;
			compatibilityVersion = "Xcode 3.2";
			developmentRegion = English;
			hasScannedForEncodings = 0;
			knownRegions = (
				en,
				Base,
			);
			mainGroup = 9DA369D71BB32A4000A4F010;
			productRefGroup = 9DA369E11BB32A4000A4F010 /* Products */;
			projectDirPath = "";
			projectRoot = "";
			targets = (
				9DA369DF1BB32A4000A4F010 /* poddy */,
				9DA369F31BB32A4000A4F010 /* poddyTests */,
				9DA369FE1BB32A4000A4F010 /* poddyUITests */,
			);
		};
/* End PBXProject section */

/* Begin PBXResourcesBuildPhase section */
		9DA369DE1BB32A4000A4F010 /* Resources */ = {
			isa = PBXResourcesBuildPhase;
			buildActionMask = 2147483647;
			files = (
				9DA369EE1BB32A4000A4F010 /* LaunchScreen.storyboard in Resources */,
				9DA369EB1BB32A4000A4F010 /* Assets.xcassets in Resources */,
				9DA369E91BB32A4000A4F010 /* Main.storyboard in Resources */,
			);
			runOnlyForDeploymentPostprocessing = 0;
		};
		9DA369F21BB32A4000A4F010 /* Resources */ = {
			isa = PBXResourcesBuildPhase;
			buildActionMask = 2147483647;
			files = (
			);
			runOnlyForDeploymentPostprocessing = 0;
		};
		9DA369FD1BB32A4000A4F010 /* Resources */ = {
			isa = PBXResourcesBuildPhase;
			buildActionMask = 2147483647;
			files = (
			);
			runOnlyForDeploymentPostprocessing = 0;
		};
/* End PBXResourcesBuildPhase section */

/* Begin PBXSourcesBuildPhase section */
		9DA369DC1BB32A4000A4F010 /* Sources */ = {
			isa = PBXSourcesBuildPhase;
			buildActionMask = 2147483647;
			files = (
				9DA369E61BB32A4000A4F010 /* ViewController.swift in Sources */,
				9DA369E41BB32A4000A4F010 /* AppDelegate.swift in Sources */,
			);
			runOnlyForDeploymentPostprocessing = 0;
		};
		9DA369F01BB32A4000A4F010 /* Sources */ = {
			isa = PBXSourcesBuildPhase;
			buildActionMask = 2147483647;
			files = (
				9DA369F91BB32A4000A4F010 /* poddyTests.swift in Sources */,
			);
			runOnlyForDeploymentPostprocessing = 0;
		};
		9DA369FB1BB32A4000A4F010 /* Sources */ = {
			isa = PBXSourcesBuildPhase;
			buildActionMask = 2147483647;
			files = (
				9DA36A041BB32A4000A4F010 /* poddyUITests.swift in Sources */,
			);
			runOnlyForDeploymentPostprocessing = 0;
		};
/* End PBXSourcesBuildPhase section */

/* Begin PBXTargetDependency section */
		9DA369F61BB32A4000A4F010 /* PBXTargetDependency */ = {
			isa = PBXTargetDependency;
			target = 9DA369DF1BB32A4000A4F010 /* poddy */;
			targetProxy = 9DA369F51BB32A4000A4F010 /* PBXContainerItemProxy */;
		};
		9DA36A011BB32A4000A4F010 /* PBXTargetDependency */ = {
			isa = PBXTargetDependency;
			target = 9DA369DF1BB32A4000A4F010 /* poddy */;
			targetProxy = 9DA36A001BB32A4000A4F010 /* PBXContainerItemProxy */;
		};
/* End PBXTargetDependency section */

/* Begin PBXVariantGroup section */
		9DA369E71BB32A4000A4F010 /* Main.storyboard */ = {
			isa = PBXVariantGroup;
			children = (
				9DA369E81BB32A4000A4F010 /* Base */,
			);
			name = Main.storyboard;
			sourceTree = "<group>";
		};
		9DA369EC1BB32A4000A4F010 /* LaunchScreen.storyboard */ = {
			isa = PBXVariantGroup;
			children = (
				9DA369ED1BB32A4000A4F010 /* Base */,
			);
			name = LaunchScreen.storyboard;
			sourceTree = "<group>";
		};
/* End PBXVariantGroup section */

/* Begin XCBuildConfiguration section */
		9DA36A061BB32A4000A4F010 /* Debug */ = {
			isa = XCBuildConfiguration;
			buildSettings = {
				ALWAYS_SEARCH_USER_PATHS = NO;
				CLANG_CXX_LANGUAGE_STANDARD = "gnu++0x";
				CLANG_CXX_LIBRARY = "libc++";
				CLANG_ENABLE_MODULES = YES;
				CLANG_ENABLE_OBJC_ARC = YES;
				CLANG_WARN_BOOL_CONVERSION = YES;
				CLANG_WARN_CONSTANT_CONVERSION = YES;
				CLANG_WARN_DIRECT_OBJC_ISA_USAGE = YES_ERROR;
				CLANG_WARN_EMPTY_BODY = YES;
				CLANG_WARN_ENUM_CONVERSION = YES;
				CLANG_WARN_INT_CONVERSION = YES;
				CLANG_WARN_OBJC_ROOT_CLASS = YES_ERROR;
				CLANG_WARN_UNREACHABLE_CODE = YES;
				CLANG_WARN__DUPLICATE_METHOD_MATCH = YES;
				"CODE_SIGN_IDENTITY[sdk=iphoneos*]" = "iPhone Developer";
				COPY_PHASE_STRIP = NO;
				DEBUG_INFORMATION_FORMAT = dwarf;
				ENABLE_STRICT_OBJC_MSGSEND = YES;
				ENABLE_TESTABILITY = YES;
				GCC_C_LANGUAGE_STANDARD = gnu99;
				GCC_DYNAMIC_NO_PIC = NO;
				GCC_NO_COMMON_BLOCKS = YES;
				GCC_OPTIMIZATION_LEVEL = 0;
				GCC_PREPROCESSOR_DEFINITIONS = (
					"DEBUG=1",
					"$(inherited)",
				);
				GCC_WARN_64_TO_32_BIT_CONVERSION = YES;
				GCC_WARN_ABOUT_RETURN_TYPE = YES_ERROR;
				GCC_WARN_UNDECLARED_SELECTOR = YES;
				GCC_WARN_UNINITIALIZED_AUTOS = YES_AGGRESSIVE;
				GCC_WARN_UNUSED_FUNCTION = YES;
				GCC_WARN_UNUSED_VARIABLE = YES;
				IPHONEOS_DEPLOYMENT_TARGET = 9.0;
				MTL_ENABLE_DEBUG_INFO = YES;
				ONLY_ACTIVE_ARCH = YES;
				SDKROOT = iphoneos;
				SWIFT_OPTIMIZATION_LEVEL = "-Onone";
			};
			name = Debug;
		};
		9DA36A071BB32A4000A4F010 /* Release */ = {
			isa = XCBuildConfiguration;
			buildSettings = {
				ALWAYS_SEARCH_USER_PATHS = NO;
				CLANG_CXX_LANGUAGE_STANDARD = "gnu++0x";
				CLANG_CXX_LIBRARY = "libc++";
				CLANG_ENABLE_MODULES = YES;
				CLANG_ENABLE_OBJC_ARC = YES;
				CLANG_WARN_BOOL_CONVERSION = YES;
				CLANG_WARN_CONSTANT_CONVERSION = YES;
				CLANG_WARN_DIRECT_OBJC_ISA_USAGE = YES_ERROR;
				CLANG_WARN_EMPTY_BODY = YES;
				CLANG_WARN_ENUM_CONVERSION = YES;
				CLANG_WARN_INT_CONVERSION = YES;
				CLANG_WARN_OBJC_ROOT_CLASS = YES_ERROR;
				CLANG_WARN_UNREACHABLE_CODE = YES;
				CLANG_WARN__DUPLICATE_METHOD_MATCH = YES;
				"CODE_SIGN_IDENTITY[sdk=iphoneos*]" = "iPhone Developer";
				COPY_PHASE_STRIP = NO;
				DEBUG_INFORMATION_FORMAT = "dwarf-with-dsym";
				ENABLE_NS_ASSERTIONS = NO;
				ENABLE_STRICT_OBJC_MSGSEND = YES;
				GCC_C_LANGUAGE_STANDARD = gnu99;
				GCC_NO_COMMON_BLOCKS = YES;
				GCC_WARN_64_TO_32_BIT_CONVERSION = YES;
				GCC_WARN_ABOUT_RETURN_TYPE = YES_ERROR;
				GCC_WARN_UNDECLARED_SELECTOR = YES;
				GCC_WARN_UNINITIALIZED_AUTOS = YES_AGGRESSIVE;
				GCC_WARN_UNUSED_FUNCTION = YES;
				GCC_WARN_UNUSED_VARIABLE = YES;
				IPHONEOS_DEPLOYMENT_TARGET = 9.0;
				MTL_ENABLE_DEBUG_INFO = NO;
				SDKROOT = iphoneos;
				VALIDATE_PRODUCT = YES;
			};
			name = Release;
		};
		9DA36A091BB32A4000A4F010 /* Debug */ = {
			isa = XCBuildConfiguration;
			buildSettings = {
				ASSETCATALOG_COMPILER_APPICON_NAME = AppIcon;
				INFOPLIST_FILE = poddy/Info.plist;
				LD_RUNPATH_SEARCH_PATHS = "$(inherited) @executable_path/Frameworks";
				PRODUCT_BUNDLE_IDENTIFIER = cheetah.poddy;
				PRODUCT_NAME = "$(TARGET_NAME)";
			};
			name = Debug;
		};
		9DA36A0A1BB32A4000A4F010 /* Release */ = {
			isa = XCBuildConfiguration;
			buildSettings = {
				ASSETCATALOG_COMPILER_APPICON_NAME = AppIcon;
				INFOPLIST_FILE = poddy/Info.plist;
				LD_RUNPATH_SEARCH_PATHS = "$(inherited) @executable_path/Frameworks";
				PRODUCT_BUNDLE_IDENTIFIER = cheetah.poddy;
				PRODUCT_NAME = "$(TARGET_NAME)";
			};
			name = Release;
		};
		9DA36A0C1BB32A4000A4F010 /* Debug */ = {
			isa = XCBuildConfiguration;
			buildSettings = {
				BUNDLE_LOADER = "$(TEST_HOST)";
				INFOPLIST_FILE = poddyTests/Info.plist;
				LD_RUNPATH_SEARCH_PATHS = "$(inherited) @executable_path/Frameworks @loader_path/Frameworks";
				PRODUCT_BUNDLE_IDENTIFIER = cheetah.poddyTests;
				PRODUCT_NAME = "$(TARGET_NAME)";
				TEST_HOST = "$(BUILT_PRODUCTS_DIR)/poddy.app/poddy";
			};
			name = Debug;
		};
		9DA36A0D1BB32A4000A4F010 /* Release */ = {
			isa = XCBuildConfiguration;
			buildSettings = {
				BUNDLE_LOADER = "$(TEST_HOST)";
				INFOPLIST_FILE = poddyTests/Info.plist;
				LD_RUNPATH_SEARCH_PATHS = "$(inherited) @executable_path/Frameworks @loader_path/Frameworks";
				PRODUCT_BUNDLE_IDENTIFIER = cheetah.poddyTests;
				PRODUCT_NAME = "$(TARGET_NAME)";
				TEST_HOST = "$(BUILT_PRODUCTS_DIR)/poddy.app/poddy";
			};
			name = Release;
		};
		9DA36A0F1BB32A4000A4F010 /* Debug */ = {
			isa = XCBuildConfiguration;
			buildSettings = {
				INFOPLIST_FILE = poddyUITests/Info.plist;
				LD_RUNPATH_SEARCH_PATHS = "$(inherited) @executable_path/Frameworks @loader_path/Frameworks";
				PRODUCT_BUNDLE_IDENTIFIER = cheetah.poddyUITests;
				PRODUCT_NAME = "$(TARGET_NAME)";
				TEST_TARGET_NAME = poddy;
				USES_XCTRUNNER = YES;
			};
			name = Debug;
		};
		9DA36A101BB32A4000A4F010 /* Release */ = {
			isa = XCBuildConfiguration;
			buildSettings = {
				INFOPLIST_FILE = poddyUITests/Info.plist;
				LD_RUNPATH_SEARCH_PATHS = "$(inherited) @executable_path/Frameworks @loader_path/Frameworks";
				PRODUCT_BUNDLE_IDENTIFIER = cheetah.poddyUITests;
				PRODUCT_NAME = "$(TARGET_NAME)";
				TEST_TARGET_NAME = poddy;
				USES_XCTRUNNER = YES;
			};
			name = Release;
		};
/* End XCBuildConfiguration section */

/* Begin XCConfigurationList section */
		9DA369DB1BB32A4000A4F010 /* Build configuration list for PBXProject "poddy" */ = {
			isa = XCConfigurationList;
			buildConfigurations = (
				9DA36A061BB32A4000A4F010 /* Debug */,
				9DA36A071BB32A4000A4F010 /* Release */,
			);
			defaultConfigurationIsVisible = 0;
			defaultConfigurationName = Release;
		};
		9DA36A081BB32A4000A4F010 /* Build configuration list for PBXNativeTarget "poddy" */ = {
			isa = XCConfigurationList;
			buildConfigurations = (
				9DA36A091BB32A4000A4F010 /* Debug */,
				9DA36A0A1BB32A4000A4F010 /* Release */,
			);
			defaultConfigurationIsVisible = 0;
		};
		9DA36A0B1BB32A4000A4F010 /* Build configuration list for PBXNativeTarget "poddyTests" */ = {
			isa = XCConfigurationList;
			buildConfigurations = (
				9DA36A0C1BB32A4000A4F010 /* Debug */,
				9DA36A0D1BB32A4000A4F010 /* Release */,
			);
			defaultConfigurationIsVisible = 0;
		};
		9DA36A0E1BB32A4000A4F010 /* Build configuration list for PBXNativeTarget "poddyUITests" */ = {
			isa = XCConfigurationList;
			buildConfigurations = (
				9DA36A0F1BB32A4000A4F010 /* Debug */,
				9DA36A101BB32A4000A4F010 /* Release */,
			);
			defaultConfigurationIsVisible = 0;
		};
/* End XCConfigurationList section */
	};
	rootObject = 9DA369D81BB32A4000A4F010 /* Project object */;
}
